
Microsoft Visual Studio Solution File, Format Version 12.00
# Visual Studio Version 17
VisualStudioVersion = 17.0.31903.59
MinimumVisualStudioVersion = 10.0.40219.1
Project("{FAE04EC0-301F-11D3-BF4B-00C04F79EFBC}") = "ERPAccounting.Domain", "ERPAccounting.Domain\ERPAccounting.Domain.csproj", "{73C0752E-70A7-4FEC-8E6D-CDB5909F1E1A}"
EndProject
Project("{FAE04EC0-301F-11D3-BF4B-00C04F79EFBC}") = "ERPAccounting.Application", "ERPAccounting.Application\ERPAccounting.Application.csproj", "{3F74B9A6-105F-4374-8707-AFCAE7DEAE7C}"
EndProject
Project("{FAE04EC0-301F-11D3-BF4B-00C04F79EFBC}") = "ERPAccounting.Infrastructure", "ERPAccounting.Infrastructure\ERPAccounting.Infrastructure.csproj", "{C898352B-D3A5-4D60-9DCB-AAF21D012EB1}"
EndProject
Project("{FAE04EC0-301F-11D3-BF4B-00C04F79EFBC}") = "ERPAccounting.API", "ERPAccounting.API\ERPAccounting.API.csproj", "{4B7F0984-9A23-48A5-BDA0-0FDA4A4916D1}"
EndProject
Project("{FAE04EC0-301F-11D3-BF4B-00C04F79EFBC}") = "ERPAccounting.Common", "ERPAccounting.Common\ERPAccounting.Common.csproj", "{787E6FDC-2447-4EB1-A179-E4331DC9615D}"
EndProject
Project("{FAE04EC0-301F-11D3-BF4B-00C04F79EFBC}") = "ERPAccounting.API.Tests", "..\tests\ERPAccounting.API.Tests\ERPAccounting.API.Tests.csproj", "{1F44CF2E-1A13-4AA2-B67F-86C46A42A7C5}"
EndProject
Global
	GlobalSection(SolutionConfigurationPlatforms) = preSolution
		Debug|Any CPU = Debug|Any CPU
		Debug|x64 = Debug|x64
		Debug|x86 = Debug|x86
		Release|Any CPU = Release|Any CPU
		Release|x64 = Release|x64
		Release|x86 = Release|x86
	EndGlobalSection
	GlobalSection(ProjectConfigurationPlatforms) = postSolution
		{73C0752E-70A7-4FEC-8E6D-CDB5909F1E1A}.Debug|Any CPU.ActiveCfg = Debug|Any CPU
		{73C0752E-70A7-4FEC-8E6D-CDB5909F1E1A}.Debug|Any CPU.Build.0 = Debug|Any CPU
		{73C0752E-70A7-4FEC-8E6D-CDB5909F1E1A}.Debug|x64.ActiveCfg = Debug|Any CPU
		{73C0752E-70A7-4FEC-8E6D-CDB5909F1E1A}.Debug|x64.Build.0 = Debug|Any CPU
		{73C0752E-70A7-4FEC-8E6D-CDB5909F1E1A}.Debug|x86.ActiveCfg = Debug|Any CPU
		{73C0752E-70A7-4FEC-8E6D-CDB5909F1E1A}.Debug|x86.Build.0 = Debug|Any CPU
		{73C0752E-70A7-4FEC-8E6D-CDB5909F1E1A}.Release|Any CPU.ActiveCfg = Release|Any CPU
		{73C0752E-70A7-4FEC-8E6D-CDB5909F1E1A}.Release|Any CPU.Build.0 = Release|Any CPU
		{73C0752E-70A7-4FEC-8E6D-CDB5909F1E1A}.Release|x64.ActiveCfg = Release|Any CPU
		{73C0752E-70A7-4FEC-8E6D-CDB5909F1E1A}.Release|x64.Build.0 = Release|Any CPU
		{73C0752E-70A7-4FEC-8E6D-CDB5909F1E1A}.Release|x86.ActiveCfg = Release|Any CPU
		{73C0752E-70A7-4FEC-8E6D-CDB5909F1E1A}.Release|x86.Build.0 = Release|Any CPU
		{3F74B9A6-105F-4374-8707-AFCAE7DEAE7C}.Debug|Any CPU.ActiveCfg = Debug|Any CPU
		{3F74B9A6-105F-4374-8707-AFCAE7DEAE7C}.Debug|Any CPU.Build.0 = Debug|Any CPU
		{3F74B9A6-105F-4374-8707-AFCAE7DEAE7C}.Debug|x64.ActiveCfg = Debug|Any CPU
		{3F74B9A6-105F-4374-8707-AFCAE7DEAE7C}.Debug|x64.Build.0 = Debug|Any CPU
		{3F74B9A6-105F-4374-8707-AFCAE7DEAE7C}.Debug|x86.ActiveCfg = Debug|Any CPU
		{3F74B9A6-105F-4374-8707-AFCAE7DEAE7C}.Debug|x86.Build.0 = Debug|Any CPU
		{3F74B9A6-105F-4374-8707-AFCAE7DEAE7C}.Release|Any CPU.ActiveCfg = Release|Any CPU
		{3F74B9A6-105F-4374-8707-AFCAE7DEAE7C}.Release|Any CPU.Build.0 = Release|Any CPU
		{3F74B9A6-105F-4374-8707-AFCAE7DEAE7C}.Release|x64.ActiveCfg = Release|Any CPU
		{3F74B9A6-105F-4374-8707-AFCAE7DEAE7C}.Release|x64.Build.0 = Release|Any CPU
		{3F74B9A6-105F-4374-8707-AFCAE7DEAE7C}.Release|x86.ActiveCfg = Release|Any CPU
		{3F74B9A6-105F-4374-8707-AFCAE7DEAE7C}.Release|x86.Build.0 = Release|Any CPU
		{C898352B-D3A5-4D60-9DCB-AAF21D012EB1}.Debug|Any CPU.ActiveCfg = Debug|Any CPU
		{C898352B-D3A5-4D60-9DCB-AAF21D012EB1}.Debug|Any CPU.Build.0 = Debug|Any CPU
		{C898352B-D3A5-4D60-9DCB-AAF21D012EB1}.Debug|x64.ActiveCfg = Debug|Any CPU
		{C898352B-D3A5-4D60-9DCB-AAF21D012EB1}.Debug|x64.Build.0 = Debug|Any CPU
		{C898352B-D3A5-4D60-9DCB-AAF21D012EB1}.Debug|x86.ActiveCfg = Debug|Any CPU
		{C898352B-D3A5-4D60-9DCB-AAF21D012EB1}.Debug|x86.Build.0 = Debug|Any CPU
		{C898352B-D3A5-4D60-9DCB-AAF21D012EB1}.Release|Any CPU.ActiveCfg = Release|Any CPU
		{C898352B-D3A5-4D60-9DCB-AAF21D012EB1}.Release|Any CPU.Build.0 = Release|Any CPU
		{C898352B-D3A5-4D60-9DCB-AAF21D012EB1}.Release|x64.ActiveCfg = Release|Any CPU
		{C898352B-D3A5-4D60-9DCB-AAF21D012EB1}.Release|x64.Build.0 = Release|Any CPU
		{C898352B-D3A5-4D60-9DCB-AAF21D012EB1}.Release|x86.ActiveCfg = Release|Any CPU
		{C898352B-D3A5-4D60-9DCB-AAF21D012EB1}.Release|x86.Build.0 = Release|Any CPU
		{4B7F0984-9A23-48A5-BDA0-0FDA4A4916D1}.Debug|Any CPU.ActiveCfg = Debug|Any CPU
		{4B7F0984-9A23-48A5-BDA0-0FDA4A4916D1}.Debug|Any CPU.Build.0 = Debug|Any CPU
		{4B7F0984-9A23-48A5-BDA0-0FDA4A4916D1}.Debug|x64.ActiveCfg = Debug|Any CPU
		{4B7F0984-9A23-48A5-BDA0-0FDA4A4916D1}.Debug|x64.Build.0 = Debug|Any CPU
		{4B7F0984-9A23-48A5-BDA0-0FDA4A4916D1}.Debug|x86.ActiveCfg = Debug|Any CPU
		{4B7F0984-9A23-48A5-BDA0-0FDA4A4916D1}.Debug|x86.Build.0 = Debug|Any CPU
		{4B7F0984-9A23-48A5-BDA0-0FDA4A4916D1}.Release|Any CPU.ActiveCfg = Release|Any CPU
		{4B7F0984-9A23-48A5-BDA0-0FDA4A4916D1}.Release|Any CPU.Build.0 = Release|Any CPU
		{4B7F0984-9A23-48A5-BDA0-0FDA4A4916D1}.Release|x64.ActiveCfg = Release|Any CPU
		{4B7F0984-9A23-48A5-BDA0-0FDA4A4916D1}.Release|x64.Build.0 = Release|Any CPU
		{4B7F0984-9A23-48A5-BDA0-0FDA4A4916D1}.Release|x86.ActiveCfg = Release|Any CPU
		{4B7F0984-9A23-48A5-BDA0-0FDA4A4916D1}.Release|x86.Build.0 = Release|Any CPU
		{787E6FDC-2447-4EB1-A179-E4331DC9615D}.Debug|Any CPU.ActiveCfg = Debug|Any CPU
		{787E6FDC-2447-4EB1-A179-E4331DC9615D}.Debug|Any CPU.Build.0 = Debug|Any CPU
		{787E6FDC-2447-4EB1-A179-E4331DC9615D}.Debug|x64.ActiveCfg = Debug|Any CPU
		{787E6FDC-2447-4EB1-A179-E4331DC9615D}.Debug|x64.Build.0 = Debug|Any CPU
		{787E6FDC-2447-4EB1-A179-E4331DC9615D}.Debug|x86.ActiveCfg = Debug|Any CPU
		{787E6FDC-2447-4EB1-A179-E4331DC9615D}.Debug|x86.Build.0 = Debug|Any CPU
		{787E6FDC-2447-4EB1-A179-E4331DC9615D}.Release|Any CPU.ActiveCfg = Release|Any CPU
		{787E6FDC-2447-4EB1-A179-E4331DC9615D}.Release|Any CPU.Build.0 = Release|Any CPU
		{787E6FDC-2447-4EB1-A179-E4331DC9615D}.Release|x64.ActiveCfg = Release|Any CPU
		{787E6FDC-2447-4EB1-A179-E4331DC9615D}.Release|x64.Build.0 = Release|Any CPU
		{787E6FDC-2447-4EB1-A179-E4331DC9615D}.Release|x86.ActiveCfg = Release|Any CPU
		{787E6FDC-2447-4EB1-A179-E4331DC9615D}.Release|x86.Build.0 = Release|Any CPU
		{1F44CF2E-1A13-4AA2-B67F-86C46A42A7C5}.Debug|Any CPU.ActiveCfg = Debug|Any CPU
		{1F44CF2E-1A13-4AA2-B67F-86C46A42A7C5}.Debug|Any CPU.Build.0 = Debug|Any CPU
		{1F44CF2E-1A13-4AA2-B67F-86C46A42A7C5}.Debug|x64.ActiveCfg = Debug|Any CPU
		{1F44CF2E-1A13-4AA2-B67F-86C46A42A7C5}.Debug|x64.Build.0 = Debug|Any CPU
		{1F44CF2E-1A13-4AA2-B67F-86C46A42A7C5}.Debug|x86.ActiveCfg = Debug|Any CPU
		{1F44CF2E-1A13-4AA2-B67F-86C46A42A7C5}.Debug|x86.Build.0 = Debug|Any CPU
		{1F44CF2E-1A13-4AA2-B67F-86C46A42A7C5}.Release|Any CPU.ActiveCfg = Release|Any CPU
		{1F44CF2E-1A13-4AA2-B67F-86C46A42A7C5}.Release|Any CPU.Build.0 = Release|Any CPU
		{1F44CF2E-1A13-4AA2-B67F-86C46A42A7C5}.Release|x64.ActiveCfg = Release|Any CPU
		{1F44CF2E-1A13-4AA2-B67F-86C46A42A7C5}.Release|x64.Build.0 = Release|Any CPU
		{1F44CF2E-1A13-4AA2-B67F-86C46A42A7C5}.Release|x86.ActiveCfg = Release|Any CPU
		{1F44CF2E-1A13-4AA2-B67F-86C46A42A7C5}.Release|x86.Build.0 = Release|Any CPU
	EndGlobalSection
	GlobalSection(SolutionProperties) = preSolution
		HideSolutionNode = FALSE
	EndGlobalSection
EndGlobal
